
Microsoft Visual Studio Solution File, Format Version 12.00
Project("{FAE04EC0-301F-11D3-BF4B-00C04F79EFBC}") = "APBD5", "APBD5.csproj", "{701C72B4-8A03-4FB6-891A-3D3997DEE91F}"
EndProject
Global
	GlobalSection(SolutionConfigurationPlatforms) = preSolution
		Debug|Any CPU = Debug|Any CPU
		Release|Any CPU = Release|Any CPU
	EndGlobalSection
	GlobalSection(ProjectConfigurationPlatforms) = postSolution
		{701C72B4-8A03-4FB6-891A-3D3997DEE91F}.Debug|Any CPU.ActiveCfg = Debug|Any CPU
		{701C72B4-8A03-4FB6-891A-3D3997DEE91F}.Debug|Any CPU.Build.0 = Debug|Any CPU
		{701C72B4-8A03-4FB6-891A-3D3997DEE91F}.Release|Any CPU.ActiveCfg = Release|Any CPU
		{701C72B4-8A03-4FB6-891A-3D3997DEE91F}.Release|Any CPU.Build.0 = Release|Any CPU
	EndGlobalSection
EndGlobal
